
Microsoft Visual Studio Solution File, Format Version 12.00
# Visual Studio Version 17
VisualStudioVersion = 17.14.36511.14 d17.14
MinimumVisualStudioVersion = 10.0.40219.1
Project("{FAE04EC0-301F-11D3-BF4B-00C04F79EFBC}") = "POC.JWTTokenBasedAuthenticationAndAPISecurity", "POC.JWTTokenBasedAuthenticationAndAPISecurity\POC.JWTTokenBasedAuthenticationAndAPISecurity.csproj", "{7A4D5715-3E1D-49E1-9E50-F57DD41555CD}"
EndProject
Project("{FAE04EC0-301F-11D3-BF4B-00C04F79EFBC}") = "POC.JWTTokenBasedAuthenticationAndAPISecurity.UnitTests", "POC.JWTTokenBasedAuthenticationAndAPISecurity.UnitTests\POC.JWTTokenBasedAuthenticationAndAPISecurity.UnitTests.csproj", "{2F28B910-6860-4DD7-BCB1-1B7D37FEDBD2}"
EndProject
Global
	GlobalSection(SolutionConfigurationPlatforms) = preSolution
		Debug|Any CPU = Debug|Any CPU
		Release|Any CPU = Release|Any CPU
	EndGlobalSection
	GlobalSection(ProjectConfigurationPlatforms) = postSolution
		{7A4D5715-3E1D-49E1-9E50-F57DD41555CD}.Debug|Any CPU.ActiveCfg = Debug|Any CPU
		{7A4D5715-3E1D-49E1-9E50-F57DD41555CD}.Debug|Any CPU.Build.0 = Debug|Any CPU
		{7A4D5715-3E1D-49E1-9E50-F57DD41555CD}.Release|Any CPU.ActiveCfg = Release|Any CPU
		{7A4D5715-3E1D-49E1-9E50-F57DD41555CD}.Release|Any CPU.Build.0 = Release|Any CPU
		{2F28B910-6860-4DD7-BCB1-1B7D37FEDBD2}.Debug|Any CPU.ActiveCfg = Debug|Any CPU
		{2F28B910-6860-4DD7-BCB1-1B7D37FEDBD2}.Debug|Any CPU.Build.0 = Debug|Any CPU
		{2F28B910-6860-4DD7-BCB1-1B7D37FEDBD2}.Release|Any CPU.ActiveCfg = Release|Any CPU
		{2F28B910-6860-4DD7-BCB1-1B7D37FEDBD2}.Release|Any CPU.Build.0 = Release|Any CPU
	EndGlobalSection
	GlobalSection(SolutionProperties) = preSolution
		HideSolutionNode = FALSE
	EndGlobalSection
	GlobalSection(ExtensibilityGlobals) = postSolution
		SolutionGuid = {58ECE20E-3D6F-41FF-BF67-3F21699B3F6D}
	EndGlobalSection
EndGlobal
